
Microsoft Visual Studio Solution File, Format Version 12.00
# Visual Studio Version 17
VisualStudioVersion = 17.2.32526.322
MinimumVisualStudioVersion = 10.0.40219.1
Project("{9A19103F-16F7-4668-BE54-9A1E7A4F7556}") = "Domain", "Domain\Domain.csproj", "{FEC9A055-F122-47F9-9254-A299D4A1B886}"
EndProject
Project("{9A19103F-16F7-4668-BE54-9A1E7A4F7556}") = "Pricat.Api", "Api\Pricat.Api.csproj", "{19125924-BF5F-4AD0-8E76-F1E676F1AA6A}"
EndProject
Project("{9A19103F-16F7-4668-BE54-9A1E7A4F7556}") = "Application", "Application\Application.csproj", "{3C07F7B5-84BB-4A3D-981C-886113938060}"
EndProject
Project("{9A19103F-16F7-4668-BE54-9A1E7A4F7556}") = "Infrastructure", "Infrastructure\Infrastructure.csproj", "{B8D3E590-D070-48A0-9BE7-13A8726FC3E1}"
EndProject
Project("{2150E333-8FDC-42A3-9474-1A3956D46DE8}") = "Pricat.Api", "Pricat.Api", "{C2E2A812-33C1-4A7C-AC73-DEFA7EDC9DD4}"
EndProject
Project("{2150E333-8FDC-42A3-9474-1A3956D46DE8}") = "Pricat.Application", "Pricat.Application", "{FEDD890D-CF37-42D9-8838-4BCD9A179261}"
EndProject
Project("{2150E333-8FDC-42A3-9474-1A3956D46DE8}") = "Pricat.Domain", "Pricat.Domain", "{1A19E6B9-31D6-4E2E-A66F-0DBD81390316}"
EndProject
Project("{2150E333-8FDC-42A3-9474-1A3956D46DE8}") = "Pricat.Infrastructure", "Pricat.Infrastructure", "{F37675B3-58A4-4899-8B0F-460EFBF7C5BA}"
EndProject
Global
	GlobalSection(SolutionConfigurationPlatforms) = preSolution
		Debug|Any CPU = Debug|Any CPU
		Release|Any CPU = Release|Any CPU
	EndGlobalSection
	GlobalSection(ProjectConfigurationPlatforms) = postSolution
		{FEC9A055-F122-47F9-9254-A299D4A1B886}.Debug|Any CPU.ActiveCfg = Debug|Any CPU
		{FEC9A055-F122-47F9-9254-A299D4A1B886}.Debug|Any CPU.Build.0 = Debug|Any CPU
		{FEC9A055-F122-47F9-9254-A299D4A1B886}.Release|Any CPU.ActiveCfg = Release|Any CPU
		{FEC9A055-F122-47F9-9254-A299D4A1B886}.Release|Any CPU.Build.0 = Release|Any CPU
		{19125924-BF5F-4AD0-8E76-F1E676F1AA6A}.Debug|Any CPU.ActiveCfg = Debug|Any CPU
		{19125924-BF5F-4AD0-8E76-F1E676F1AA6A}.Debug|Any CPU.Build.0 = Debug|Any CPU
		{19125924-BF5F-4AD0-8E76-F1E676F1AA6A}.Release|Any CPU.ActiveCfg = Release|Any CPU
		{19125924-BF5F-4AD0-8E76-F1E676F1AA6A}.Release|Any CPU.Build.0 = Release|Any CPU
		{3C07F7B5-84BB-4A3D-981C-886113938060}.Debug|Any CPU.ActiveCfg = Debug|Any CPU
		{3C07F7B5-84BB-4A3D-981C-886113938060}.Debug|Any CPU.Build.0 = Debug|Any CPU
		{3C07F7B5-84BB-4A3D-981C-886113938060}.Release|Any CPU.ActiveCfg = Release|Any CPU
		{3C07F7B5-84BB-4A3D-981C-886113938060}.Release|Any CPU.Build.0 = Release|Any CPU
		{B8D3E590-D070-48A0-9BE7-13A8726FC3E1}.Debug|Any CPU.ActiveCfg = Debug|Any CPU
		{B8D3E590-D070-48A0-9BE7-13A8726FC3E1}.Debug|Any CPU.Build.0 = Debug|Any CPU
		{B8D3E590-D070-48A0-9BE7-13A8726FC3E1}.Release|Any CPU.ActiveCfg = Release|Any CPU
		{B8D3E590-D070-48A0-9BE7-13A8726FC3E1}.Release|Any CPU.Build.0 = Release|Any CPU
	EndGlobalSection
	GlobalSection(SolutionProperties) = preSolution
		HideSolutionNode = FALSE
	EndGlobalSection
	GlobalSection(NestedProjects) = preSolution
		{FEC9A055-F122-47F9-9254-A299D4A1B886} = {1A19E6B9-31D6-4E2E-A66F-0DBD81390316}
		{19125924-BF5F-4AD0-8E76-F1E676F1AA6A} = {C2E2A812-33C1-4A7C-AC73-DEFA7EDC9DD4}
		{3C07F7B5-84BB-4A3D-981C-886113938060} = {FEDD890D-CF37-42D9-8838-4BCD9A179261}
		{B8D3E590-D070-48A0-9BE7-13A8726FC3E1} = {F37675B3-58A4-4899-8B0F-460EFBF7C5BA}
	EndGlobalSection
	GlobalSection(ExtensibilityGlobals) = postSolution
		SolutionGuid = {3C1C41B6-07FD-45ED-89CE-8D5CC0E8453D}
	EndGlobalSection
EndGlobal
